
Microsoft Visual Studio Solution File, Format Version 11.00
# Visual Studio 2010
Project("{FAE04EC0-301F-11D3-BF4B-00C04F79EFBC}") = "hMailServerWebAdmin", "hMailServerWebAdmin\hMailServerWebAdmin.csproj", "{20B9ED05-CB02-4C26-8B53-19C26C3F36AE}"
EndProject
Project("{FAE04EC0-301F-11D3-BF4B-00C04F79EFBC}") = "hMailServerNetRemote", "hMailServerNetRemote\hMailServerNetRemote.csproj", "{3F7C6C7C-382A-41D5-BEA1-896529AC2EA2}"
EndProject
Project("{FAE04EC0-301F-11D3-BF4B-00C04F79EFBC}") = "hMailServerNetRemoteClientInterface", "hMailServerNetRemoteClientInterface\hMailServerNetRemoteClientInterface.csproj", "{6C75BC63-D16E-48FF-A759-FCDC5F51480E}"
EndProject
Global
	GlobalSection(SolutionConfigurationPlatforms) = preSolution
		Debug|Any CPU = Debug|Any CPU
		Debug|Mixed Platforms = Debug|Mixed Platforms
		Debug|x86 = Debug|x86
		Release|Any CPU = Release|Any CPU
		Release|Mixed Platforms = Release|Mixed Platforms
		Release|x86 = Release|x86
	EndGlobalSection
	GlobalSection(ProjectConfigurationPlatforms) = postSolution
		{20B9ED05-CB02-4C26-8B53-19C26C3F36AE}.Debug|Any CPU.ActiveCfg = Debug|Any CPU
		{20B9ED05-CB02-4C26-8B53-19C26C3F36AE}.Debug|Any CPU.Build.0 = Debug|Any CPU
		{20B9ED05-CB02-4C26-8B53-19C26C3F36AE}.Debug|Mixed Platforms.ActiveCfg = Debug|Any CPU
		{20B9ED05-CB02-4C26-8B53-19C26C3F36AE}.Debug|Mixed Platforms.Build.0 = Debug|Any CPU
		{20B9ED05-CB02-4C26-8B53-19C26C3F36AE}.Debug|x86.ActiveCfg = Debug|Any CPU
		{20B9ED05-CB02-4C26-8B53-19C26C3F36AE}.Release|Any CPU.ActiveCfg = Release|Any CPU
		{20B9ED05-CB02-4C26-8B53-19C26C3F36AE}.Release|Any CPU.Build.0 = Release|Any CPU
		{20B9ED05-CB02-4C26-8B53-19C26C3F36AE}.Release|Mixed Platforms.ActiveCfg = Release|Any CPU
		{20B9ED05-CB02-4C26-8B53-19C26C3F36AE}.Release|Mixed Platforms.Build.0 = Release|Any CPU
		{20B9ED05-CB02-4C26-8B53-19C26C3F36AE}.Release|x86.ActiveCfg = Release|Any CPU
		{3F7C6C7C-382A-41D5-BEA1-896529AC2EA2}.Debug|Any CPU.ActiveCfg = Debug|Any CPU
		{3F7C6C7C-382A-41D5-BEA1-896529AC2EA2}.Debug|Any CPU.Build.0 = Debug|Any CPU
		{3F7C6C7C-382A-41D5-BEA1-896529AC2EA2}.Debug|Mixed Platforms.ActiveCfg = Debug|Any CPU
		{3F7C6C7C-382A-41D5-BEA1-896529AC2EA2}.Debug|Mixed Platforms.Build.0 = Debug|Any CPU
		{3F7C6C7C-382A-41D5-BEA1-896529AC2EA2}.Debug|x86.ActiveCfg = Debug|Any CPU
		{3F7C6C7C-382A-41D5-BEA1-896529AC2EA2}.Release|Any CPU.ActiveCfg = Release|Any CPU
		{3F7C6C7C-382A-41D5-BEA1-896529AC2EA2}.Release|Any CPU.Build.0 = Release|Any CPU
		{3F7C6C7C-382A-41D5-BEA1-896529AC2EA2}.Release|Mixed Platforms.ActiveCfg = Release|Any CPU
		{3F7C6C7C-382A-41D5-BEA1-896529AC2EA2}.Release|Mixed Platforms.Build.0 = Release|Any CPU
		{3F7C6C7C-382A-41D5-BEA1-896529AC2EA2}.Release|x86.ActiveCfg = Release|Any CPU
		{6C75BC63-D16E-48FF-A759-FCDC5F51480E}.Debug|Any CPU.ActiveCfg = Debug|Any CPU
		{6C75BC63-D16E-48FF-A759-FCDC5F51480E}.Debug|Any CPU.Build.0 = Debug|Any CPU
		{6C75BC63-D16E-48FF-A759-FCDC5F51480E}.Debug|Mixed Platforms.ActiveCfg = Debug|Any CPU
		{6C75BC63-D16E-48FF-A759-FCDC5F51480E}.Debug|Mixed Platforms.Build.0 = Debug|Any CPU
		{6C75BC63-D16E-48FF-A759-FCDC5F51480E}.Debug|x86.ActiveCfg = Debug|Any CPU
		{6C75BC63-D16E-48FF-A759-FCDC5F51480E}.Release|Any CPU.ActiveCfg = Release|Any CPU
		{6C75BC63-D16E-48FF-A759-FCDC5F51480E}.Release|Any CPU.Build.0 = Release|Any CPU
		{6C75BC63-D16E-48FF-A759-FCDC5F51480E}.Release|Mixed Platforms.ActiveCfg = Release|Any CPU
		{6C75BC63-D16E-48FF-A759-FCDC5F51480E}.Release|Mixed Platforms.Build.0 = Release|Any CPU
		{6C75BC63-D16E-48FF-A759-FCDC5F51480E}.Release|x86.ActiveCfg = Release|Any CPU
	EndGlobalSection
	GlobalSection(SolutionProperties) = preSolution
		HideSolutionNode = FALSE
	EndGlobalSection
EndGlobal
